
Microsoft Visual Studio Solution File, Format Version 12.00
# Visual Studio 15
VisualStudioVersion = 15.0.27703.2035
MinimumVisualStudioVersion = 10.0.40219.1
Project("{F2A71F9B-5D33-465A-A702-920D77279786}") = "reverlib", "src\fs\reverlib.fsproj", "{E7DCFDCF-4F6C-4662-8406-92AA0221931B}"
EndProject
Project("{F2A71F9B-5D33-465A-A702-920D77279786}") = "reverc", "reverc\reverc.fsproj", "{81E62A2F-51A2-4788-BFCD-7FB08AC8B19E}"
EndProject
Project("{F2A71F9B-5D33-465A-A702-920D77279786}") = "adderGen", "examples\adderGen\adderGen.fsproj", "{9C33336D-3F11-4614-8A3A-2884094890CE}"
EndProject
Project("{F2A71F9B-5D33-465A-A702-920D77279786}") = "arithGen", "examples\arithGen\arithGen.fsproj", "{E9E69CE3-7DA6-4260-97C1-1B3A3F4C31BE}"
EndProject
Global
	GlobalSection(SolutionConfigurationPlatforms) = preSolution
		Debug|Any CPU = Debug|Any CPU
		Release|Any CPU = Release|Any CPU
	EndGlobalSection
	GlobalSection(ProjectConfigurationPlatforms) = postSolution
		{E7DCFDCF-4F6C-4662-8406-92AA0221931B}.Debug|Any CPU.ActiveCfg = Debug|Any CPU
		{E7DCFDCF-4F6C-4662-8406-92AA0221931B}.Debug|Any CPU.Build.0 = Debug|Any CPU
		{E7DCFDCF-4F6C-4662-8406-92AA0221931B}.Release|Any CPU.ActiveCfg = Release|Any CPU
		{E7DCFDCF-4F6C-4662-8406-92AA0221931B}.Release|Any CPU.Build.0 = Release|Any CPU
		{81E62A2F-51A2-4788-BFCD-7FB08AC8B19E}.Debug|Any CPU.ActiveCfg = Debug|Any CPU
		{81E62A2F-51A2-4788-BFCD-7FB08AC8B19E}.Debug|Any CPU.Build.0 = Debug|Any CPU
		{81E62A2F-51A2-4788-BFCD-7FB08AC8B19E}.Release|Any CPU.ActiveCfg = Release|Any CPU
		{81E62A2F-51A2-4788-BFCD-7FB08AC8B19E}.Release|Any CPU.Build.0 = Release|Any CPU
		{9C33336D-3F11-4614-8A3A-2884094890CE}.Debug|Any CPU.ActiveCfg = Debug|Any CPU
		{9C33336D-3F11-4614-8A3A-2884094890CE}.Debug|Any CPU.Build.0 = Debug|Any CPU
		{9C33336D-3F11-4614-8A3A-2884094890CE}.Release|Any CPU.ActiveCfg = Release|Any CPU
		{9C33336D-3F11-4614-8A3A-2884094890CE}.Release|Any CPU.Build.0 = Release|Any CPU
		{E9E69CE3-7DA6-4260-97C1-1B3A3F4C31BE}.Debug|Any CPU.ActiveCfg = Debug|Any CPU
		{E9E69CE3-7DA6-4260-97C1-1B3A3F4C31BE}.Debug|Any CPU.Build.0 = Debug|Any CPU
		{E9E69CE3-7DA6-4260-97C1-1B3A3F4C31BE}.Release|Any CPU.ActiveCfg = Release|Any CPU
		{E9E69CE3-7DA6-4260-97C1-1B3A3F4C31BE}.Release|Any CPU.Build.0 = Release|Any CPU
	EndGlobalSection
	GlobalSection(SolutionProperties) = preSolution
		HideSolutionNode = FALSE
	EndGlobalSection
	GlobalSection(ExtensibilityGlobals) = postSolution
		SolutionGuid = {E75D74E8-9746-46D9-B1DE-81186C1C163B}
	EndGlobalSection
EndGlobal
